<?xml version="1.0" encoding="UTF-8" standalone="yes" ?>
<CodeBlocks_project_file>
	<FileVersion major="1" minor="6" />
	<Project>
		<Option title="PaPiPuPePo" />
		<Option pch_mode="2" />
		<Option compiler="gcc" />
		<Build>
			<Target title="MainBuild">
				<Option output="./Build/bin/PaPiPuPePo" prefix_auto="1" extension_auto="1" />
				<Option object_output="./Build/obj/" />
				<Option type="0" />
				<Option compiler="gcc" />
				<Compiler>
					<Add option="-O2" />
					<Add directory="GameEntities" />
					<Add directory="Visuals" />
				</Compiler>
				<Linker>
					<Add option="-s" />
					<Add option="-static-libstdc++" />
					<Add option="-static-libgcc" />
					<Add option="-static" />
					<Add library="gdi32" />
				</Linker>
			</Target>
		</Build>
		<Compiler>
			<Add option="-Wall" />
		</Compiler>
		<Unit filename="GameEntities/Bad.cpp" />
		<Unit filename="GameEntities/Bad.h" />
		<Unit filename="GameEntities/Coin.cpp" />
		<Unit filename="GameEntities/Coin.h" />
		<Unit filename="GameEntities/ObjSystem.cpp" />
		<Unit filename="GameEntities/ObjSystem.h" />
		<Unit filename="GameEntities/Player.cpp" />
		<Unit filename="GameEntities/Player.h" />
		<Unit filename="Visuals/PxSystem.cpp" />
		<Unit filename="Visuals/PxSystem.h" />
		<Unit filename="Visuals/Resources.h" />
		<Unit filename="Visuals/resources.h" />
		<Unit filename="Visuals/resources.rc">
			<Option compilerVar="WINDRES" />
		</Unit>
		<Unit filename="entry.cpp" />
		<Extensions>
			<lib_finder disable_auto="1" />
		</Extensions>
	</Project>
</CodeBlocks_project_file>
